
Microsoft Visual Studio Solution File, Format Version 12.00
# Visual Studio Version 17
VisualStudioVersion = 17.0.31903.59
MinimumVisualStudioVersion = 10.0.40219.1
Project("{FAE04EC0-301F-11D3-BF4B-00C04F79EFBC}") = "Data", "Data\Data.csproj", "{C99DEB2D-FD2F-41D7-9599-BB1A0DCA1C9B}"
EndProject
Project("{FAE04EC0-301F-11D3-BF4B-00C04F79EFBC}") = "Entity", "Entity\Entity.csproj", "{51A45163-F38A-4851-87FD-71D0FC1072A2}"
EndProject
Project("{FAE04EC0-301F-11D3-BF4B-00C04F79EFBC}") = "Bussiness", "Bussiness\Bussiness.csproj", "{421E0827-F98B-476C-B407-5F5D4A151090}"
EndProject
Project("{FAE04EC0-301F-11D3-BF4B-00C04F79EFBC}") = "Presentation", "Presentation\Presentation.csproj", "{AE2063AF-1D63-45D1-AE31-DCC52FE39F30}"
EndProject
Global
	GlobalSection(SolutionConfigurationPlatforms) = preSolution
		Debug|Any CPU = Debug|Any CPU
		Release|Any CPU = Release|Any CPU
	EndGlobalSection
	GlobalSection(ProjectConfigurationPlatforms) = postSolution
		{C99DEB2D-FD2F-41D7-9599-BB1A0DCA1C9B}.Debug|Any CPU.ActiveCfg = Debug|Any CPU
		{C99DEB2D-FD2F-41D7-9599-BB1A0DCA1C9B}.Debug|Any CPU.Build.0 = Debug|Any CPU
		{C99DEB2D-FD2F-41D7-9599-BB1A0DCA1C9B}.Release|Any CPU.ActiveCfg = Release|Any CPU
		{C99DEB2D-FD2F-41D7-9599-BB1A0DCA1C9B}.Release|Any CPU.Build.0 = Release|Any CPU
		{51A45163-F38A-4851-87FD-71D0FC1072A2}.Debug|Any CPU.ActiveCfg = Debug|Any CPU
		{51A45163-F38A-4851-87FD-71D0FC1072A2}.Debug|Any CPU.Build.0 = Debug|Any CPU
		{51A45163-F38A-4851-87FD-71D0FC1072A2}.Release|Any CPU.ActiveCfg = Release|Any CPU
		{51A45163-F38A-4851-87FD-71D0FC1072A2}.Release|Any CPU.Build.0 = Release|Any CPU
		{421E0827-F98B-476C-B407-5F5D4A151090}.Debug|Any CPU.ActiveCfg = Debug|Any CPU
		{421E0827-F98B-476C-B407-5F5D4A151090}.Debug|Any CPU.Build.0 = Debug|Any CPU
		{421E0827-F98B-476C-B407-5F5D4A151090}.Release|Any CPU.ActiveCfg = Release|Any CPU
		{421E0827-F98B-476C-B407-5F5D4A151090}.Release|Any CPU.Build.0 = Release|Any CPU
		{AE2063AF-1D63-45D1-AE31-DCC52FE39F30}.Debug|Any CPU.ActiveCfg = Debug|Any CPU
		{AE2063AF-1D63-45D1-AE31-DCC52FE39F30}.Debug|Any CPU.Build.0 = Debug|Any CPU
		{AE2063AF-1D63-45D1-AE31-DCC52FE39F30}.Release|Any CPU.ActiveCfg = Release|Any CPU
		{AE2063AF-1D63-45D1-AE31-DCC52FE39F30}.Release|Any CPU.Build.0 = Release|Any CPU
	EndGlobalSection
	GlobalSection(SolutionProperties) = preSolution
		HideSolutionNode = FALSE
	EndGlobalSection
	GlobalSection(ExtensibilityGlobals) = postSolution
		SolutionGuid = {1BF753FF-08A7-4D76-9255-6C75A8F7147A}
	EndGlobalSection
EndGlobal
